
Microsoft Visual Studio Solution File, Format Version 12.00
# Visual Studio Version 17
VisualStudioVersion = 17.9.34622.214
MinimumVisualStudioVersion = 10.0.40219.1
Project("{2150E333-8FDC-42A3-9474-1A3956D46DE8}") = "src", "src", "{D83BF230-FCD9-4CB9-82BF-3126924F307E}"
EndProject
Project("{2150E333-8FDC-42A3-9474-1A3956D46DE8}") = "Modules", "Modules", "{6688F605-7634-45DE-B512-63FAE50FDF13}"
EndProject
Project("{2150E333-8FDC-42A3-9474-1A3956D46DE8}") = "Presentation", "Presentation", "{F6C0D058-31FC-4270-8506-D6F5B5280A85}"
EndProject
Project("{2150E333-8FDC-42A3-9474-1A3956D46DE8}") = "Shared", "Shared", "{61E24DBE-FEB5-44FC-88B8-98A4A3B3BAFC}"
EndProject
Project("{9A19103F-16F7-4668-BE54-9A1E7A4F7556}") = "LeagueManager.League.Domain", "src\Modules\League\LeagueManager.League.Domain\LeagueManager.League.Domain.csproj", "{6139E244-19C0-4FC2-A882-CDC39C5CB4E8}"
EndProject
Project("{9A19103F-16F7-4668-BE54-9A1E7A4F7556}") = "LeagueManager.Shared.Abstractions", "src\Shared\LeagueManager.Shared.Abstractions\LeagueManager.Shared.Abstractions.csproj", "{C9125C0F-FDC3-4C35-AC22-B869D3638CFE}"
EndProject
Project("{2150E333-8FDC-42A3-9474-1A3956D46DE8}") = "League", "League", "{D9C8A964-A753-41F5-A917-745CF8435CBD}"
EndProject
Project("{9A19103F-16F7-4668-BE54-9A1E7A4F7556}") = "LeagueManager.League.Application", "src\Modules\League\LeagueManager.League.Application\LeagueManager.League.Application.csproj", "{696F5306-83C9-4E46-80B6-9F7991383122}"
EndProject
Project("{9A19103F-16F7-4668-BE54-9A1E7A4F7556}") = "LeagueManager.League.WebApi", "src\Modules\League\LeagueManager.League.WebApi\LeagueManager.League.WebApi.csproj", "{B5DEB659-74B3-4273-A165-030D1B528888}"
EndProject
Project("{9A19103F-16F7-4668-BE54-9A1E7A4F7556}") = "LeagueManager.WebApi", "src\Presentation\LeagueManager.WebApi\LeagueManager.WebApi.csproj", "{A449444F-033C-4D4E-A925-6288E073028B}"
EndProject
Project("{9A19103F-16F7-4668-BE54-9A1E7A4F7556}") = "LeagueManager.League.Infrastructure", "src\Modules\League\LeagueManager.League.Infrastructure\LeagueManager.League.Infrastructure.csproj", "{48ADEB7C-3A55-4B28-923D-E6EC0A9D514E}"
EndProject
Project("{2150E333-8FDC-42A3-9474-1A3956D46DE8}") = "Statistics", "Statistics", "{9298AF00-E911-41E6-9DEB-774D0A029E24}"
EndProject
Project("{E53339B2-1760-4266-BCC7-CA923CBCF16C}") = "docker-compose", "docker-compose.dcproj", "{FA9D2B60-DA65-4AD7-9823-8C9033F33DC3}"
EndProject
Project("{9A19103F-16F7-4668-BE54-9A1E7A4F7556}") = "LeagueManager.Shared.Infrastructure", "..\src\Shared\LeagueManager.Shared.Infrastructure\LeagueManager.Shared.Infrastructure.csproj", "{2AEEB72D-F6C4-4E41-AE79-9D2BD5012EF7}"
EndProject
Project("{9A19103F-16F7-4668-BE54-9A1E7A4F7556}") = "LeagueManager.League.Shared", "src\Modules\League\LeagueManager.League.Shared\LeagueManager.League.Shared.csproj", "{D12F780E-3484-4DF8-8218-0FF181C28F8B}"
EndProject
Project("{9A19103F-16F7-4668-BE54-9A1E7A4F7556}") = "LeagueManager.Statistics.Application", "src\Modules\Statistics\LeagueManager.Statistics.Application\LeagueManager.Statistics.Application.csproj", "{1EA4425B-D297-4FB0-A6BD-B6832950A62F}"
EndProject
Project("{9A19103F-16F7-4668-BE54-9A1E7A4F7556}") = "LeagueManager.Statistics.Infrastructure", "src\Modules\Statistics\LeagueManager.Statistics.Infrastructure\LeagueManager.Statistics.Infrastructure.csproj", "{0A9638F8-C78B-4F68-80EE-0559DD9EC5FF}"
EndProject
Global
	GlobalSection(SolutionConfigurationPlatforms) = preSolution
		Debug|Any CPU = Debug|Any CPU
		Release|Any CPU = Release|Any CPU
	EndGlobalSection
	GlobalSection(ProjectConfigurationPlatforms) = postSolution
		{6139E244-19C0-4FC2-A882-CDC39C5CB4E8}.Debug|Any CPU.ActiveCfg = Debug|Any CPU
		{6139E244-19C0-4FC2-A882-CDC39C5CB4E8}.Debug|Any CPU.Build.0 = Debug|Any CPU
		{6139E244-19C0-4FC2-A882-CDC39C5CB4E8}.Release|Any CPU.ActiveCfg = Release|Any CPU
		{6139E244-19C0-4FC2-A882-CDC39C5CB4E8}.Release|Any CPU.Build.0 = Release|Any CPU
		{C9125C0F-FDC3-4C35-AC22-B869D3638CFE}.Debug|Any CPU.ActiveCfg = Debug|Any CPU
		{C9125C0F-FDC3-4C35-AC22-B869D3638CFE}.Debug|Any CPU.Build.0 = Debug|Any CPU
		{C9125C0F-FDC3-4C35-AC22-B869D3638CFE}.Release|Any CPU.ActiveCfg = Release|Any CPU
		{C9125C0F-FDC3-4C35-AC22-B869D3638CFE}.Release|Any CPU.Build.0 = Release|Any CPU
		{696F5306-83C9-4E46-80B6-9F7991383122}.Debug|Any CPU.ActiveCfg = Debug|Any CPU
		{696F5306-83C9-4E46-80B6-9F7991383122}.Debug|Any CPU.Build.0 = Debug|Any CPU
		{696F5306-83C9-4E46-80B6-9F7991383122}.Release|Any CPU.ActiveCfg = Release|Any CPU
		{696F5306-83C9-4E46-80B6-9F7991383122}.Release|Any CPU.Build.0 = Release|Any CPU
		{B5DEB659-74B3-4273-A165-030D1B528888}.Debug|Any CPU.ActiveCfg = Debug|Any CPU
		{B5DEB659-74B3-4273-A165-030D1B528888}.Debug|Any CPU.Build.0 = Debug|Any CPU
		{B5DEB659-74B3-4273-A165-030D1B528888}.Release|Any CPU.ActiveCfg = Release|Any CPU
		{B5DEB659-74B3-4273-A165-030D1B528888}.Release|Any CPU.Build.0 = Release|Any CPU
		{A449444F-033C-4D4E-A925-6288E073028B}.Debug|Any CPU.ActiveCfg = Debug|Any CPU
		{A449444F-033C-4D4E-A925-6288E073028B}.Debug|Any CPU.Build.0 = Debug|Any CPU
		{A449444F-033C-4D4E-A925-6288E073028B}.Release|Any CPU.ActiveCfg = Release|Any CPU
		{A449444F-033C-4D4E-A925-6288E073028B}.Release|Any CPU.Build.0 = Release|Any CPU
		{48ADEB7C-3A55-4B28-923D-E6EC0A9D514E}.Debug|Any CPU.ActiveCfg = Debug|Any CPU
		{48ADEB7C-3A55-4B28-923D-E6EC0A9D514E}.Debug|Any CPU.Build.0 = Debug|Any CPU
		{48ADEB7C-3A55-4B28-923D-E6EC0A9D514E}.Release|Any CPU.ActiveCfg = Release|Any CPU
		{48ADEB7C-3A55-4B28-923D-E6EC0A9D514E}.Release|Any CPU.Build.0 = Release|Any CPU
		{FA9D2B60-DA65-4AD7-9823-8C9033F33DC3}.Debug|Any CPU.ActiveCfg = Debug|Any CPU
		{FA9D2B60-DA65-4AD7-9823-8C9033F33DC3}.Debug|Any CPU.Build.0 = Debug|Any CPU
		{FA9D2B60-DA65-4AD7-9823-8C9033F33DC3}.Release|Any CPU.ActiveCfg = Release|Any CPU
		{FA9D2B60-DA65-4AD7-9823-8C9033F33DC3}.Release|Any CPU.Build.0 = Release|Any CPU
		{2AEEB72D-F6C4-4E41-AE79-9D2BD5012EF7}.Debug|Any CPU.ActiveCfg = Debug|Any CPU
		{2AEEB72D-F6C4-4E41-AE79-9D2BD5012EF7}.Debug|Any CPU.Build.0 = Debug|Any CPU
		{2AEEB72D-F6C4-4E41-AE79-9D2BD5012EF7}.Release|Any CPU.ActiveCfg = Release|Any CPU
		{2AEEB72D-F6C4-4E41-AE79-9D2BD5012EF7}.Release|Any CPU.Build.0 = Release|Any CPU
		{D12F780E-3484-4DF8-8218-0FF181C28F8B}.Debug|Any CPU.ActiveCfg = Debug|Any CPU
		{D12F780E-3484-4DF8-8218-0FF181C28F8B}.Debug|Any CPU.Build.0 = Debug|Any CPU
		{D12F780E-3484-4DF8-8218-0FF181C28F8B}.Release|Any CPU.ActiveCfg = Release|Any CPU
		{D12F780E-3484-4DF8-8218-0FF181C28F8B}.Release|Any CPU.Build.0 = Release|Any CPU
		{1EA4425B-D297-4FB0-A6BD-B6832950A62F}.Debug|Any CPU.ActiveCfg = Debug|Any CPU
		{1EA4425B-D297-4FB0-A6BD-B6832950A62F}.Debug|Any CPU.Build.0 = Debug|Any CPU
		{1EA4425B-D297-4FB0-A6BD-B6832950A62F}.Release|Any CPU.ActiveCfg = Release|Any CPU
		{1EA4425B-D297-4FB0-A6BD-B6832950A62F}.Release|Any CPU.Build.0 = Release|Any CPU
		{0A9638F8-C78B-4F68-80EE-0559DD9EC5FF}.Debug|Any CPU.ActiveCfg = Debug|Any CPU
		{0A9638F8-C78B-4F68-80EE-0559DD9EC5FF}.Debug|Any CPU.Build.0 = Debug|Any CPU
		{0A9638F8-C78B-4F68-80EE-0559DD9EC5FF}.Release|Any CPU.ActiveCfg = Release|Any CPU
		{0A9638F8-C78B-4F68-80EE-0559DD9EC5FF}.Release|Any CPU.Build.0 = Release|Any CPU
	EndGlobalSection
	GlobalSection(SolutionProperties) = preSolution
		HideSolutionNode = FALSE
	EndGlobalSection
	GlobalSection(NestedProjects) = preSolution
		{6688F605-7634-45DE-B512-63FAE50FDF13} = {D83BF230-FCD9-4CB9-82BF-3126924F307E}
		{F6C0D058-31FC-4270-8506-D6F5B5280A85} = {D83BF230-FCD9-4CB9-82BF-3126924F307E}
		{61E24DBE-FEB5-44FC-88B8-98A4A3B3BAFC} = {D83BF230-FCD9-4CB9-82BF-3126924F307E}
		{6139E244-19C0-4FC2-A882-CDC39C5CB4E8} = {D9C8A964-A753-41F5-A917-745CF8435CBD}
		{C9125C0F-FDC3-4C35-AC22-B869D3638CFE} = {61E24DBE-FEB5-44FC-88B8-98A4A3B3BAFC}
		{D9C8A964-A753-41F5-A917-745CF8435CBD} = {6688F605-7634-45DE-B512-63FAE50FDF13}
		{696F5306-83C9-4E46-80B6-9F7991383122} = {D9C8A964-A753-41F5-A917-745CF8435CBD}
		{B5DEB659-74B3-4273-A165-030D1B528888} = {D9C8A964-A753-41F5-A917-745CF8435CBD}
		{A449444F-033C-4D4E-A925-6288E073028B} = {F6C0D058-31FC-4270-8506-D6F5B5280A85}
		{48ADEB7C-3A55-4B28-923D-E6EC0A9D514E} = {D9C8A964-A753-41F5-A917-745CF8435CBD}
		{9298AF00-E911-41E6-9DEB-774D0A029E24} = {6688F605-7634-45DE-B512-63FAE50FDF13}
		{2AEEB72D-F6C4-4E41-AE79-9D2BD5012EF7} = {61E24DBE-FEB5-44FC-88B8-98A4A3B3BAFC}
		{D12F780E-3484-4DF8-8218-0FF181C28F8B} = {D9C8A964-A753-41F5-A917-745CF8435CBD}
		{1EA4425B-D297-4FB0-A6BD-B6832950A62F} = {9298AF00-E911-41E6-9DEB-774D0A029E24}
		{0A9638F8-C78B-4F68-80EE-0559DD9EC5FF} = {9298AF00-E911-41E6-9DEB-774D0A029E24}
	EndGlobalSection
	GlobalSection(ExtensibilityGlobals) = postSolution
		SolutionGuid = {D9A48C1A-D5DD-4460-B2EF-A619CC8CB05B}
	EndGlobalSection
EndGlobal
